{
  "name": "site",
  "version": "0.0.1",
  "lockfileVersion": 3,
  "requires": true,
  "packages": {
    "": {
      "name": "site",
      "version": "0.0.1",
      "dependencies": {
        "@astrojs/solid-js": "^7.0.1",
        "@astrojs/tailwind": "^6.0.2",
        "@supabase/supabase-js": "^2.111.0",
        "astro": "^7.1.6",
        "solid-js": "^1.9.14",
        "tailwindcss": "^3.4.19"
      },
      "engines": {
        "node": ">=22.12.0"
      }
    },
    "../../node_modules/.pnpm/@astrojs+solid-js@7.0.1_@types+node@20.19.43_esbuild@0.28.1_jiti@2.7.0_solid-js@1.9.14_yaml@2.9.0/node_modules/@astrojs/solid-js": {
      "version": "7.0.1",
      "license": "MIT",
      "dependencies": {
        "vite": "^8.0.13",
        "vite-plugin-solid": "^2.11.12"
      },
      "devDependencies": {
        "astro": "7.0.6",
        "astro-scripts": "0.0.14",
        "solid-js": "^1.9.13"
      },
      "engines": {
        "node": ">=22.12.0"
      },
      "peerDependencies": {
        "solid-devtools": "^0.34.5",
        "solid-js": "^1.9.13"
      },
      "peerDependenciesMeta": {
        "solid-devtools": {
          "optional": true
        }
      }
    },
    "../../node_modules/.pnpm/@astrojs+tailwind@6.0.2_astro@7.1.6_@emnapi+core@1.11.1_@emnapi+runtime@1.11.1_@types+node@20_2ozqpq6ojwbfuvqd3k7wslcywu/node_modules/@astrojs/tailwind": {
      "version": "6.0.2",
      "license": "MIT",
      "dependencies": {
        "autoprefixer": "^10.4.21",
        "postcss": "^8.5.3",
        "postcss-load-config": "^4.0.2"
      },
      "devDependencies": {
        "astro": "5.5.5",
        "astro-scripts": "0.0.14",
        "tailwindcss": "^3.4.17",
        "vite": "^6.2.3"
      },
      "peerDependencies": {
        "astro": "^3.0.0 || ^4.0.0 || ^5.0.0",
        "tailwindcss": "^3.0.24"
      }
    },
    "../../node_modules/.pnpm/astro@7.1.6_@emnapi+core@1.11.1_@emnapi+runtime@1.11.1_@types+node@20.19.43_jiti@2.7.0_yaml@2.9.0/node_modules/astro": {
      "version": "7.1.6",
      "license": "MIT",
      "dependencies": {
        "@astrojs/compiler-rs": "^0.3.2",
        "@astrojs/internal-helpers": "0.10.2",
        "@astrojs/markdown-satteri": "0.3.5",
        "@astrojs/telemetry": "3.3.3",
        "@capsizecss/unpack": "^4.0.0",
        "@clack/prompts": "^1.1.0",
        "@oslojs/encoding": "^1.1.0",
        "@rollup/pluginutils": "^5.3.0",
        "am-i-vibing": "^0.4.0",
        "aria-query": "^5.3.2",
        "axobject-query": "^4.1.0",
        "ci-info": "^4.4.0",
        "clsx": "^2.1.1",
        "common-ancestor-path": "^2.0.0",
        "cookie": "^2.0.1",
        "devalue": "^5.8.1",
        "diff": "^8.0.3",
        "dset": "^3.1.4",
        "es-module-lexer": "^2.0.0",
        "esbuild": "^0.28.0",
        "flattie": "^1.1.1",
        "fontace": "~0.4.1",
        "get-tsconfig": "5.0.0-beta.4",
        "github-slugger": "^2.0.0",
        "html-escaper": "3.0.3",
        "http-cache-semantics": "^4.2.0",
        "js-yaml": "^4.3.0",
        "jsonc-parser": "^3.3.1",
        "magic-string": "^1.0.0",
        "magicast": "^0.5.2",
        "mrmime": "^2.0.1",
        "neotraverse": "^1.0.1",
        "obug": "^2.1.1",
        "p-limit": "^7.3.0",
        "p-queue": "^9.1.0",
        "package-manager-detector": "^1.6.0",
        "piccolore": "^0.1.3",
        "picomatch": "^4.0.4",
        "semver": "^7.7.4",
        "shiki": "^4.0.2",
        "smol-toml": "^1.6.0",
        "svgo": "^4.0.1",
        "tinyclip": "^0.1.12",
        "tinyexec": "^1.0.4",
        "tinyglobby": "^0.2.15",
        "ultrahtml": "^1.6.0",
        "unifont": "~0.7.4",
        "unstorage": "^1.17.5",
        "vite": "^8.0.13",
        "vitefu": "^1.1.2",
        "xxhash-wasm": "^1.1.0",
        "yargs-parser": "^22.0.0",
        "zod": "^4.3.6"
      },
      "bin": {
        "astro": "bin/astro.mjs"
      },
      "devDependencies": {
        "@astrojs/check": "0.9.10",
        "@astrojs/markdown-remark": "7.2.2",
        "@playwright/test": "1.58.2",
        "@types/aria-query": "^5.0.4",
        "@types/html-escaper": "3.0.4",
        "@types/http-cache-semantics": "^4.2.0",
        "@types/js-yaml": "^4.0.9",
        "@types/parse-srcset": "^1.0.0",
        "@types/picomatch": "^4.0.2",
        "@types/semver": "^7.7.1",
        "@types/yargs-parser": "^21.0.3",
        "astro-scripts": "0.0.14",
        "cheerio": "1.2.0",
        "eol": "^0.10.0",
        "expect-type": "^1.3.0",
        "fs-fixture": "^2.13.0",
        "hono": "^4.12.14",
        "node-mocks-http": "^1.17.2",
        "parse-srcset": "^1.0.2",
        "rehype-autolink-headings": "^7.1.0",
        "rehype-slug": "^6.0.0",
        "rehype-toc": "^3.0.2",
        "remark-code-titles": "^0.1.2",
        "sass": "^1.98.0",
        "typescript": "^6.0.3",
        "undici": "^7.22.0",
        "vitest": "^4.1.0"
      },
      "engines": {
        "node": ">=22.12.0",
        "npm": ">=9.6.5",
        "pnpm": ">=7.1.0"
      },
      "funding": {
        "type": "opencollective",
        "url": "https://opencollective.com/astrodotbuild"
      },
      "optionalDependencies": {
        "sharp": "^0.34.0 || ^0.35.0"
      },
      "peerDependencies": {
        "@astrojs/markdown-remark": "7.2.2"
      },
      "peerDependenciesMeta": {
        "@astrojs/markdown-remark": {
          "optional": true
        }
      }
    },
    "../../node_modules/.pnpm/solid-js@1.9.14/node_modules/solid-js": {
      "version": "1.9.14",
      "license": "MIT",
      "dependencies": {
        "csstype": "^3.1.0",
        "seroval": "~1.5.4",
        "seroval-plugins": "~1.5.4"
      }
    },
    "../../node_modules/.pnpm/tailwindcss@3.4.19/node_modules/tailwindcss": {
      "version": "3.4.19",
      "license": "MIT",
      "dependencies": {
        "@alloc/quick-lru": "^5.2.0",
        "arg": "^5.0.2",
        "chokidar": "^3.6.0",
        "didyoumean": "^1.2.2",
        "dlv": "^1.1.3",
        "fast-glob": "^3.3.2",
        "glob-parent": "^6.0.2",
        "is-glob": "^4.0.3",
        "jiti": "^1.21.7",
        "lilconfig": "^3.1.3",
        "micromatch": "^4.0.8",
        "normalize-path": "^3.0.0",
        "object-hash": "^3.0.0",
        "picocolors": "^1.1.1",
        "postcss": "^8.4.47",
        "postcss-import": "^15.1.0",
        "postcss-js": "^4.0.1",
        "postcss-load-config": "^4.0.2 || ^5.0 || ^6.0",
        "postcss-nested": "^6.2.0",
        "postcss-selector-parser": "^6.1.2",
        "resolve": "^1.22.8",
        "sucrase": "^3.35.0"
      },
      "bin": {
        "tailwind": "lib/cli.js",
        "tailwindcss": "lib/cli.js"
      },
      "devDependencies": {
        "@swc/cli": "0.1.62",
        "@swc/core": "1.3.55",
        "@swc/jest": "0.2.26",
        "@swc/register": "0.1.10",
        "autoprefixer": "^10.4.20",
        "browserslist": "^4.24.0",
        "concurrently": "^8.2.2",
        "cssnano": "^6.1.2",
        "esbuild": "^0.24.0",
        "eslint": "^8.57.1",
        "eslint-config-prettier": "^8.10.0",
        "eslint-plugin-prettier": "^4.2.1",
        "jest": "^29.7.0",
        "jest-diff": "^29.7.0",
        "lightningcss": "1.27.0",
        "prettier": "^2.8.8",
        "rimraf": "^5.0.10",
        "source-map-js": "^1.2.1",
        "turbo": "^1.13.4"
      },
      "engines": {
        "node": ">=14.0.0"
      }
    },
    "node_modules/@astrojs/solid-js": {
      "resolved": "../../node_modules/.pnpm/@astrojs+solid-js@7.0.1_@types+node@20.19.43_esbuild@0.28.1_jiti@2.7.0_solid-js@1.9.14_yaml@2.9.0/node_modules/@astrojs/solid-js",
      "link": true
    },
    "node_modules/@astrojs/tailwind": {
      "resolved": "../../node_modules/.pnpm/@astrojs+tailwind@6.0.2_astro@7.1.6_@emnapi+core@1.11.1_@emnapi+runtime@1.11.1_@types+node@20_2ozqpq6ojwbfuvqd3k7wslcywu/node_modules/@astrojs/tailwind",
      "link": true
    },
    "node_modules/@supabase/auth-js": {
      "version": "2.111.0",
      "resolved": "https://registry.npmjs.org/@supabase/auth-js/-/auth-js-2.111.0.tgz",
      "integrity": "sha512-hbRLgyQZEX0SDyF4LYXpv94qOIQyFATfpT5SIs2V0SisHnisVRkYgiPQWzv80l4S2mO3qof78rmoH9j5zoFsYQ==",
      "license": "MIT",
      "dependencies": {
        "tslib": "2.8.1"
      },
      "engines": {
        "node": ">=22.0.0"
      }
    },
    "node_modules/@supabase/functions-js": {
      "version": "2.111.0",
      "resolved": "https://registry.npmjs.org/@supabase/functions-js/-/functions-js-2.111.0.tgz",
      "integrity": "sha512-RW/OCsd6MO592zU8ifzP8/f8XzxxIdpb+Up5XaOtE26Fw+3zTp475WX7+GuuktiD1WF8pFUDe6khUPbMp77RCw==",
      "license": "MIT",
      "dependencies": {
        "tslib": "2.8.1"
      },
      "engines": {
        "node": ">=22.0.0"
      }
    },
    "node_modules/@supabase/phoenix": {
      "version": "0.4.5",
      "resolved": "https://registry.npmjs.org/@supabase/phoenix/-/phoenix-0.4.5.tgz",
      "integrity": "sha512-aAn9H9ovVyeApKy11OWOrrOGq8DV68yWeH4ud2lN9fzn4aO8Zb5GLL9m1pUg9nLqIcT+ZDfAcsZe0E/nqdv2lw==",
      "license": "MIT"
    },
    "node_modules/@supabase/postgrest-js": {
      "version": "2.111.0",
      "resolved": "https://registry.npmjs.org/@supabase/postgrest-js/-/postgrest-js-2.111.0.tgz",
      "integrity": "sha512-pcqeDsnWP0lx9GawduYxNZJHeuTm53O7L0SC8RF8tniV3GWIPY6me6OTdnwzdwNUmNy1dzUVtSyIfE6+OflzPQ==",
      "license": "MIT",
      "dependencies": {
        "tslib": "2.8.1"
      },
      "engines": {
        "node": ">=22.0.0"
      }
    },
    "node_modules/@supabase/realtime-js": {
      "version": "2.111.0",
      "resolved": "https://registry.npmjs.org/@supabase/realtime-js/-/realtime-js-2.111.0.tgz",
      "integrity": "sha512-6oRf/vZyRwg8f8GbFSJkrD2w4HAu/yTvyMViHXHS+H5hNJzdXCrUR7cP5oW7daT3YlRnzRPY9LcGSJKZAmfMSg==",
      "license": "MIT",
      "dependencies": {
        "@supabase/phoenix": "0.4.5",
        "tslib": "2.8.1"
      },
      "engines": {
        "node": ">=22.0.0"
      }
    },
    "node_modules/@supabase/storage-js": {
      "version": "2.111.0",
      "resolved": "https://registry.npmjs.org/@supabase/storage-js/-/storage-js-2.111.0.tgz",
      "integrity": "sha512-UEViNmTzVOxE8dqUA81wls+n9xgmlvSFfhfwo6QxrO4kQOytCYyw3ciYFoi4XoD4Jl95NJ3jnndHN5iIudWzqw==",
      "license": "MIT",
      "dependencies": {
        "iceberg-js": "^0.8.1",
        "tslib": "2.8.1"
      },
      "engines": {
        "node": ">=22.0.0"
      }
    },
    "node_modules/@supabase/supabase-js": {
      "version": "2.111.0",
      "resolved": "https://registry.npmjs.org/@supabase/supabase-js/-/supabase-js-2.111.0.tgz",
      "integrity": "sha512-9q0/AULthQnWeiDh1vGyjoJZbSY04bu6qHcWit70pqEYn5Kv/dkCPY62Ja1123jEnJbB9Vd2pjY7Kvk/lK3peA==",
      "license": "MIT",
      "dependencies": {
        "@supabase/auth-js": "2.111.0",
        "@supabase/functions-js": "2.111.0",
        "@supabase/postgrest-js": "2.111.0",
        "@supabase/realtime-js": "2.111.0",
        "@supabase/storage-js": "2.111.0"
      },
      "engines": {
        "node": ">=22.0.0"
      }
    },
    "node_modules/astro": {
      "resolved": "../../node_modules/.pnpm/astro@7.1.6_@emnapi+core@1.11.1_@emnapi+runtime@1.11.1_@types+node@20.19.43_jiti@2.7.0_yaml@2.9.0/node_modules/astro",
      "link": true
    },
    "node_modules/iceberg-js": {
      "version": "0.8.1",
      "resolved": "https://registry.npmjs.org/iceberg-js/-/iceberg-js-0.8.1.tgz",
      "integrity": "sha512-1dhVQZXhcHje7798IVM+xoo/1ZdVfzOMIc8/rgVSijRK38EDqOJoGula9N/8ZI5RD8QTxNQtK/Gozpr+qUqRRA==",
      "license": "MIT",
      "engines": {
        "node": ">=20.0.0"
      }
    },
    "node_modules/solid-js": {
      "resolved": "../../node_modules/.pnpm/solid-js@1.9.14/node_modules/solid-js",
      "link": true
    },
    "node_modules/tailwindcss": {
      "resolved": "../../node_modules/.pnpm/tailwindcss@3.4.19/node_modules/tailwindcss",
      "link": true
    },
    "node_modules/tslib": {
      "version": "2.8.1",
      "resolved": "https://registry.npmjs.org/tslib/-/tslib-2.8.1.tgz",
      "integrity": "sha512-oJFu94HQb+KVduSUQL7wnpmqnfmLsOA/nAh6b6EH0wCEoK0/mPeXU6c3wKDV83MkOuHPRHtSXKKU99IBazS/2w==",
      "license": "0BSD"
    }
  }
}
